
Microsoft Visual Studio Solution File, Format Version 12.00
# Visual Studio Version 16
VisualStudioVersion = 25.0.1704.2
MinimumVisualStudioVersion = 10.0.40219.1
Project("{FAE04EC0-301F-11D3-BF4B-00C04F79EFBC}") = "chain_of response", "chain_of response\chain_of response.csproj", "{3C8DAD7A-B298-4DB2-9B91-7048CD0C1379}"
EndProject
Global
	GlobalSection(SolutionConfigurationPlatforms) = preSolution
		Debug|Any CPU = Debug|Any CPU
		Release|Any CPU = Release|Any CPU
	EndGlobalSection
	GlobalSection(ProjectConfigurationPlatforms) = postSolution
		{3C8DAD7A-B298-4DB2-9B91-7048CD0C1379}.Debug|Any CPU.ActiveCfg = Debug|Any CPU
		{3C8DAD7A-B298-4DB2-9B91-7048CD0C1379}.Debug|Any CPU.Build.0 = Debug|Any CPU
		{3C8DAD7A-B298-4DB2-9B91-7048CD0C1379}.Release|Any CPU.ActiveCfg = Release|Any CPU
		{3C8DAD7A-B298-4DB2-9B91-7048CD0C1379}.Release|Any CPU.Build.0 = Release|Any CPU
	EndGlobalSection
	GlobalSection(SolutionProperties) = preSolution
		HideSolutionNode = FALSE
	EndGlobalSection
	GlobalSection(ExtensibilityGlobals) = postSolution
		SolutionGuid = {78E75E29-2139-4EC9-BF05-E89E6CAE3B6E}
	EndGlobalSection
EndGlobal
